
Microsoft Visual Studio Solution File, Format Version 12.00
# Visual Studio Version 17
VisualStudioVersion = 17.2.32526.322
MinimumVisualStudioVersion = 10.0.40219.1
Project("{9A19103F-16F7-4668-BE54-9A1E7A4F7556}") = "CEROK_STAJ_WEB", "CEROK_STAJ_WEB.csproj", "{34E74EEA-4DA5-4242-93B5-711A67EDB39C}"
EndProject
Global
	GlobalSection(SolutionConfigurationPlatforms) = preSolution
		Debug|Any CPU = Debug|Any CPU
		Release|Any CPU = Release|Any CPU
	EndGlobalSection
	GlobalSection(ProjectConfigurationPlatforms) = postSolution
		{34E74EEA-4DA5-4242-93B5-711A67EDB39C}.Debug|Any CPU.ActiveCfg = Debug|Any CPU
		{34E74EEA-4DA5-4242-93B5-711A67EDB39C}.Debug|Any CPU.Build.0 = Debug|Any CPU
		{34E74EEA-4DA5-4242-93B5-711A67EDB39C}.Release|Any CPU.ActiveCfg = Release|Any CPU
		{34E74EEA-4DA5-4242-93B5-711A67EDB39C}.Release|Any CPU.Build.0 = Release|Any CPU
	EndGlobalSection
	GlobalSection(SolutionProperties) = preSolution
		HideSolutionNode = FALSE
	EndGlobalSection
	GlobalSection(ExtensibilityGlobals) = postSolution
		SolutionGuid = {D9D052B3-32D7-47D4-986D-79519ECF49BA}
	EndGlobalSection
EndGlobal
